
Microsoft Visual Studio Solution File, Format Version 12.00
# Visual Studio Version 17
VisualStudioVersion = 17.4.33213.308
MinimumVisualStudioVersion = 10.0.40219.1
Project("{FAE04EC0-301F-11D3-BF4B-00C04F79EFBC}") = "AdminPanel", "AdminPanel\AdminPanel.csproj", "{A543C06A-14FC-4881-8C86-E7904227F85E}"
EndProject
Global
	GlobalSection(SolutionConfigurationPlatforms) = preSolution
		Debug|Any CPU = Debug|Any CPU
		Debug|x64 = Debug|x64
		Debug|x86 = Debug|x86
		Release|Any CPU = Release|Any CPU
		Release|x64 = Release|x64
		Release|x86 = Release|x86
	EndGlobalSection
	GlobalSection(ProjectConfigurationPlatforms) = postSolution
		{A543C06A-14FC-4881-8C86-E7904227F85E}.Debug|Any CPU.ActiveCfg = Debug|Any CPU
		{A543C06A-14FC-4881-8C86-E7904227F85E}.Debug|Any CPU.Build.0 = Debug|Any CPU
		{A543C06A-14FC-4881-8C86-E7904227F85E}.Debug|x64.ActiveCfg = Debug|x64
		{A543C06A-14FC-4881-8C86-E7904227F85E}.Debug|x64.Build.0 = Debug|x64
		{A543C06A-14FC-4881-8C86-E7904227F85E}.Debug|x86.ActiveCfg = Debug|x86
		{A543C06A-14FC-4881-8C86-E7904227F85E}.Debug|x86.Build.0 = Debug|x86
		{A543C06A-14FC-4881-8C86-E7904227F85E}.Release|Any CPU.ActiveCfg = Release|Any CPU
		{A543C06A-14FC-4881-8C86-E7904227F85E}.Release|Any CPU.Build.0 = Release|Any CPU
		{A543C06A-14FC-4881-8C86-E7904227F85E}.Release|x64.ActiveCfg = Release|x64
		{A543C06A-14FC-4881-8C86-E7904227F85E}.Release|x64.Build.0 = Release|x64
		{A543C06A-14FC-4881-8C86-E7904227F85E}.Release|x86.ActiveCfg = Release|x86
		{A543C06A-14FC-4881-8C86-E7904227F85E}.Release|x86.Build.0 = Release|x86
	EndGlobalSection
	GlobalSection(SolutionProperties) = preSolution
		HideSolutionNode = FALSE
	EndGlobalSection
	GlobalSection(ExtensibilityGlobals) = postSolution
		SolutionGuid = {C41F7D94-B0FB-4DE6-8388-4FFD720C659B}
	EndGlobalSection
EndGlobal
